symfony 6bb49b9afbb898550cc710e15d327883f14431f0
doctrine-common 84838bb8c9896cea6210050a2e1264ee9592ca1b
doctrine-dbal e01f7468d85167120afc8210b23123a2788fd3c3
doctrine d679154fba1e203e898eb35894b40c700d7aceea
gedmo-doctrine-extensions 3b2e2dc08f55acc0a0e5a6d7b6b90d901f9c9a5c
twig 9154d27622a349fb1986cb9d48014c464a0e9d5b
swiftmailer 982b4c9498b7dd85e70f6d35e65d909c888e6345