symfony d3fe874025e561da77107d28510bb6e3e816c774
doctrine-common b886898821288d305862ee9c567cc5b5cbb4c0dc
doctrine-dbal ae358bd94ec09d7d3ad92ca7820e67825ad9e5f4
doctrine da0e3439aba4c8bf5e8a6ee4ccee5ce2624be8d1
gedmo-doctrine-extensions e702c728dbc46b02cceb6a92264d7e4cf1cec102
twig f6e49636d1cef286262f85835f7d19ec3df61b4c
swiftmailer 982b4c9498b7dd85e70f6d35e65d909c888e6345