symfony 5ae76f1e55483d52edaf5a5d2a16ae2232c46368
doctrine-common 6c7f9cfd4664dc4f8056e4cd24b2c31d874ff6e9
doctrine-dbal e01f7468d85167120afc8210b23123a2788fd3c3
doctrine 78fa740b9412c5fa55e98c4f8a5bb2432e6beea6
gedmo-doctrine-extensions 3b2e2dc08f55acc0a0e5a6d7b6b90d901f9c9a5c
twig f43cc520d6abb3868d36a3011874afbf13166317
swiftmailer 982b4c9498b7dd85e70f6d35e65d909c888e6345