{
    "behat/transliterator": {
        "version": "v1.3.0"
    },
    "components/bootstrap": {
        "version": "4.5.3"
    },
    "components/font-awesome": {
        "version": "5.15.1"
    },
    "components/jquery": {
        "version": "3.5.1"
    },
    "components/jqueryui": {
        "version": "1.12.1"
    },
    "composer/ca-bundle": {
        "version": "1.2.8"
    },
    "composer/composer": {
        "version": "1.10.19"
    },
    "composer/semver": {
        "version": "1.7.2"
    },
    "composer/spdx-licenses": {
        "version": "1.5.5"
    },
    "composer/xdebug-handler": {
        "version": "1.4.5"
    },
    "dimsemenov/magnific-popup": {
        "version": "1.1.0"
    },
    "doctrine/annotations": {
        "version": "1.0",
        "recipe": {
            "repo": "github.com/symfony/recipes",
            "branch": "master",
            "version": "1.0",
            "ref": "a2759dd6123694c8d901d0ec80006e044c2e6457"
        },
        "files": [
            "config/routes/annotations.yaml"
        ]
    },
    "doctrine/cache": {
        "version": "1.10.2"
    },
    "doctrine/collections": {
        "version": "1.6.7"
    },
    "doctrine/common": {
        "version": "2.13.3"
    },
    "doctrine/dbal": {
        "version": "2.10.4"
    },
    "doctrine/deprecations": {
        "version": "v0.5.3"
    },
    "doctrine/doctrine-bundle": {
        "version": "2.3",
        "recipe": {
            "repo": "github.com/symfony/recipes",
            "branch": "master",
            "version": "2.3",
            "ref": "4f5eb542f01475cc2eb49624e2f1a3ea458e73bf"
        },
        "files": [
            "config/packages/doctrine.yaml",
            "config/packages/prod/doctrine.yaml",
            "config/packages/test/doctrine.yaml",
            "src/Entity/.gitignore",
            "src/Repository/.gitignore"
        ]
    },
    "doctrine/event-manager": {
        "version": "1.1.1"
    },
    "doctrine/inflector": {
        "version": "1.4.3"
    },
    "doctrine/instantiator": {
        "version": "1.4.0"
    },
    "doctrine/lexer": {
        "version": "1.2.1"
    },
    "doctrine/orm": {
        "version": "2.7.5"
    },
    "doctrine/persistence": {
        "version": "1.3.8"
    },
    "doctrine/reflection": {
        "version": "1.2.2"
    },
    "doctrine/sql-formatter": {
        "version": "1.1.1"
    },
    "egulias/email-validator": {
        "version": "2.1.24"
    },
    "erusev/parsedown": {
        "version": "1.7.4"
    },
    "ezyang/htmlpurifier": {
        "version": "dev-master"
    },
    "frdh/mmenu.js": {
        "version": "8.5.20"
    },
    "friendsofsymfony/jsrouting-bundle": {
        "version": "2.3",
        "recipe": {
            "repo": "github.com/symfony/recipes-contrib",
            "branch": "master",
            "version": "2.3",
            "ref": "a9f2e49180f75cdc71ae279a929c4b2e0638de84"
        },
        "files": [
            "config/routes/fos_js_routing.yaml"
        ]
    },
    "gedmo/doctrine-extensions": {
        "version": "v2.4.42"
    },
    "guzzlehttp/guzzle": {
        "version": "7.2.0"
    },
    "guzzlehttp/promises": {
        "version": "1.4.0"
    },
    "guzzlehttp/psr7": {
        "version": "1.7.0"
    },
    "imagine/imagine": {
        "version": "1.2.4"
    },
    "ircmaxell/random-lib": {
        "version": "v1.2.0"
    },
    "ircmaxell/security-lib": {
        "version": "v1.1.0"
    },
    "itsjavi/fontawesome-iconpicker": {
        "version": "3.2.0"
    },
    "jakeasmith/http_build_url": {
        "version": "1.0.1"
    },
    "jms/i18n-routing-bundle": {
        "version": "3.0.4"
    },
    "justinrainbow/json-schema": {
        "version": "5.2.10"
    },
    "knplabs/knp-menu": {
        "version": "v3.1.2"
    },
    "knplabs/knp-menu-bundle": {
        "version": "v3.1.0"
    },
    "league/commonmark": {
        "version": "1.5.7"
    },
    "league/html-to-markdown": {
        "version": "4.10.0"
    },
    "league/oauth2-client": {
        "version": "2.6.0"
    },
    "league/oauth2-facebook": {
        "version": "2.0.3"
    },
    "league/oauth2-github": {
        "version": "2.0.0"
    },
    "league/oauth2-google": {
        "version": "3.0.3"
    },
    "league/oauth2-instagram": {
        "version": "2.0.0"
    },
    "league/oauth2-linkedin": {
        "version": "4.1.1"
    },
    "liip/imagine-bundle": {
        "version": "2.6",
        "recipe": {
            "repo": "github.com/symfony/recipes-contrib",
            "branch": "master",
            "version": "1.8",
            "ref": "d1227d002b70d1a1f941d91845fcd7ac7fbfc929"
        },
        "files": [
            "config/routes/liip_imagine.yaml",
            "config/packages/liip_imagine.yaml"
        ]
    },
    "lorenzo/pinky": {
        "version": "1.0.5"
    },
    "matthiasnoback/symfony-console-form": {
        "version": "v4.1.0"
    },
    "michelf/php-markdown": {
        "version": "1.9.0"
    },
    "monolog/monolog": {
        "version": "2.1.1"
    },
    "myclabs/deep-copy": {
        "version": "1.10.2"
    },
    "nikic/php-parser": {
        "version": "v4.10.3"
    },
    "nyholm/nsa": {
        "version": "1.2.1"
    },
    "oomphinc/composer-installers-extender": {
        "version": "2.0.0"
    },
    "oro/twig-inspector": {
        "version": "1.0.3"
    },
    "paragonie/random_compat": {
        "version": "v9.99.100"
    },
    "phar-io/manifest": {
        "version": "2.0.1"
    },
    "phar-io/version": {
        "version": "3.1.0"
    },
    "php": {
        "version": "7.2.5"
    },
    "php-translation/common": {
        "version": "3.0.1"
    },
    "php-translation/extractor": {
        "version": "2.0.2"
    },
    "php-translation/symfony-bundle": {
        "version": "0.10",
        "recipe": {
            "repo": "github.com/symfony/recipes-contrib",
            "branch": "master",
            "version": "0.10",
            "ref": "5c712c2758c3cccb964713f0061493b8ce2dd430"
        },
        "files": [
            "config/packages/dev/php_translation.yaml",
            "config/packages/php_translation.yaml",
            "config/routes/dev/php_translation.yaml",
            "config/routes/php_translation.yaml"
        ]
    },
    "php-translation/symfony-storage": {
        "version": "2.2.0"
    },
    "phpdocumentor/reflection-common": {
        "version": "2.2.0"
    },
    "phpdocumentor/reflection-docblock": {
        "version": "5.2.2"
    },
    "phpdocumentor/type-resolver": {
        "version": "1.4.0"
    },
    "phpids/phpids": {
        "version": "dev-master"
    },
    "phpspec/prophecy": {
        "version": "1.13.0"
    },
    "phpunit/php-code-coverage": {
        "version": "7.0.14"
    },
    "phpunit/php-file-iterator": {
        "version": "2.0.3"
    },
    "phpunit/php-text-template": {
        "version": "1.2.1"
    },
    "phpunit/php-timer": {
        "version": "2.1.3"
    },
    "phpunit/php-token-stream": {
        "version": "3.1.2"
    },
    "phpunit/phpunit": {
        "version": "4.7",
        "recipe": {
            "repo": "github.com/symfony/recipes",
            "branch": "master",
            "version": "4.7",
            "ref": "b5b34fa22319ac1f7f6c180b30e160841c154a1e"
        },
        "files": [
            ".env.test",
            "phpunit.xml.dist",
            "tests/bootstrap.php"
        ]
    },
    "psr/cache": {
        "version": "1.0.1"
    },
    "psr/container": {
        "version": "1.0.0"
    },
    "psr/event-dispatcher": {
        "version": "1.0.0"
    },
    "psr/http-client": {
        "version": "1.0.1"
    },
    "psr/http-factory": {
        "version": "1.0.1"
    },
    "psr/http-message": {
        "version": "1.0.1"
    },
    "psr/link": {
        "version": "1.0.0"
    },
    "psr/log": {
        "version": "1.1.3"
    },
    "ralouphie/getallheaders": {
        "version": "3.0.3"
    },
    "sebastian/code-unit-reverse-lookup": {
        "version": "1.0.2"
    },
    "sebastian/comparator": {
        "version": "3.0.3"
    },
    "sebastian/diff": {
        "version": "3.0.3"
    },
    "sebastian/environment": {
        "version": "4.2.4"
    },
    "sebastian/exporter": {
        "version": "3.1.3"
    },
    "sebastian/global-state": {
        "version": "3.0.1"
    },
    "sebastian/object-enumerator": {
        "version": "3.0.4"
    },
    "sebastian/object-reflector": {
        "version": "1.1.2"
    },
    "sebastian/recursion-context": {
        "version": "3.0.1"
    },
    "sebastian/resource-operations": {
        "version": "2.0.2"
    },
    "sebastian/type": {
        "version": "1.1.4"
    },
    "sebastian/version": {
        "version": "2.0.1"
    },
    "seld/jsonlint": {
        "version": "1.8.3"
    },
    "seld/phar-utils": {
        "version": "1.1.1"
    },
    "sensio/framework-extra-bundle": {
        "version": "5.2",
        "recipe": {
            "repo": "github.com/symfony/recipes",
            "branch": "master",
            "version": "5.2",
            "ref": "fb7e19da7f013d0d422fa9bce16f5c510e27609b"
        },
        "files": [
            "config/packages/sensio_framework_extra.yaml"
        ]
    },
    "stof/doctrine-extensions-bundle": {
        "version": "1.2",
        "recipe": {
            "repo": "github.com/symfony/recipes-contrib",
            "branch": "master",
            "version": "1.2",
            "ref": "6c1ceb662f8997085f739cd089bfbef67f245983"
        },
        "files": [
            "config/packages/stof_doctrine_extensions.yaml"
        ]
    },
    "symfony/amqp-messenger": {
        "version": "v5.2.0"
    },
    "symfony/asset": {
        "version": "v5.2.0"
    },
    "symfony/browser-kit": {
        "version": "v5.2.0"
    },
    "symfony/cache": {
        "version": "v5.2.0"
    },
    "symfony/config": {
        "version": "v5.2.0"
    },
    "symfony/console": {
        "version": "5.3",
        "recipe": {
            "repo": "github.com/symfony/recipes",
            "branch": "master",
            "version": "5.3",
            "ref": "da0c8be8157600ad34f10ff0c9cc91232522e047"
        },
        "files": [
            "bin/console"
        ]
    },
    "symfony/contracts": {
        "version": "v2.3.1"
    },
    "symfony/css-selector": {
        "version": "v5.2.0"
    },
    "symfony/debug-bundle": {
        "version": "4.1",
        "recipe": {
            "repo": "github.com/symfony/recipes",
            "branch": "master",
            "version": "4.1",
            "ref": "0ce7a032d344fb7b661cd25d31914cd703ad445b"
        },
        "files": [
            "config/packages/dev/debug.yaml"
        ]
    },
    "symfony/dependency-injection": {
        "version": "v5.2.0"
    },
    "symfony/doctrine-bridge": {
        "version": "v5.1.9"
    },
    "symfony/doctrine-messenger": {
        "version": "v5.2.0"
    },
    "symfony/dom-crawler": {
        "version": "v5.2.0"
    },
    "symfony/dotenv": {
        "version": "v5.2.0"
    },
    "symfony/error-handler": {
        "version": "v5.2.0"
    },
    "symfony/event-dispatcher": {
        "version": "v5.2.0"
    },
    "symfony/expression-language": {
        "version": "v5.2.0"
    },
    "symfony/filesystem": {
        "version": "v5.2.0"
    },
    "symfony/finder": {
        "version": "v5.2.0"
    },
    "symfony/flex": {
        "version": "1.0",
        "recipe": {
            "repo": "github.com/symfony/recipes",
            "branch": "master",
            "version": "1.0",
            "ref": "c0eeb50665f0f77226616b6038a9b06c03752d8e"
        },
        "files": [
            ".env"
        ]
    },
    "symfony/form": {
        "version": "v5.2.0"
    },
    "symfony/framework-bundle": {
        "version": "5.3",
        "recipe": {
            "repo": "github.com/symfony/recipes",
            "branch": "master",
            "version": "5.3",
            "ref": "414ba00ad43fa71be42c7906a551f1831716b03c"
        },
        "files": [
            "config/packages/cache.yaml",
            "config/packages/framework.yaml",
            "config/preload.php",
            "config/routes/framework.yaml",
            "config/services.yaml",
            "public/index.php",
            "src/Controller/.gitignore",
            "src/Kernel.php"
        ]
    },
    "symfony/google-mailer": {
        "version": "4.4",
        "recipe": {
            "repo": "github.com/symfony/recipes",
            "branch": "master",
            "version": "4.4",
            "ref": "f8fd4ddb9b477510f8f4bce2b9c054ab428c0120"
        }
    },
    "symfony/http-client": {
        "version": "v5.2.2"
    },
    "symfony/http-foundation": {
        "version": "v5.2.0"
    },
    "symfony/http-kernel": {
        "version": "v5.2.0"
    },
    "symfony/intl": {
        "version": "v5.2.0"
    },
    "symfony/lock": {
        "version": "5.2",
        "recipe": {
            "repo": "github.com/symfony/recipes",
            "branch": "master",
            "version": "5.2",
            "ref": "a1c8800e40ae735206bb14586fdd6c4630a51b8d"
        },
        "files": [
            "config/packages/lock.yaml"
        ]
    },
    "symfony/mailer": {
        "version": "4.3",
        "recipe": {
            "repo": "github.com/symfony/recipes",
            "branch": "master",
            "version": "4.3",
            "ref": "bbfc7e27257d3a3f12a6fb0a42540a42d9623a37"
        },
        "files": [
            "config/packages/mailer.yaml"
        ]
    },
    "symfony/maker-bundle": {
        "version": "1.0",
        "recipe": {
            "repo": "github.com/symfony/recipes",
            "branch": "master",
            "version": "1.0",
            "ref": "fadbfe33303a76e25cb63401050439aa9b1a9c7f"
        }
    },
    "symfony/messenger": {
        "version": "4.3",
        "recipe": {
            "repo": "github.com/symfony/recipes",
            "branch": "master",
            "version": "4.3",
            "ref": "25e3c964d3aee480b3acc3114ffb7940c89edfed"
        },
        "files": [
            "config/packages/messenger.yaml"
        ]
    },
    "symfony/mime": {
        "version": "v5.2.0"
    },
    "symfony/monolog-bridge": {
        "version": "v5.2.0"
    },
    "symfony/monolog-bundle": {
        "version": "3.7",
        "recipe": {
            "repo": "github.com/symfony/recipes",
            "branch": "master",
            "version": "3.7",
            "ref": "a7bace7dbc5a7ed5608dbe2165e0774c87175fe6"
        },
        "files": [
            "config/packages/dev/monolog.yaml",
            "config/packages/prod/deprecations.yaml",
            "config/packages/prod/monolog.yaml",
            "config/packages/test/monolog.yaml"
        ]
    },
    "symfony/notifier": {
        "version": "5.0",
        "recipe": {
            "repo": "github.com/symfony/recipes",
            "branch": "master",
            "version": "5.0",
            "ref": "c31585e252b32fe0e1f30b1f256af553f4a06eb9"
        },
        "files": [
            "config/packages/notifier.yaml"
        ]
    },
    "symfony/options-resolver": {
        "version": "v5.2.0"
    },
    "symfony/orm-pack": {
        "version": "v2.0.0"
    },
    "symfony/password-hasher": {
        "version": "v5.3.0"
    },
    "symfony/phpunit-bridge": {
        "version": "5.3",
        "recipe": {
            "repo": "github.com/symfony/recipes",
            "branch": "master",
            "version": "5.3",
            "ref": "97cb3dc7b0f39c7cfc4b7553504c9d7b7795de96"
        },
        "files": [
            ".env.test",
            "bin/phpunit",
            "phpunit.xml.dist",
            "tests/bootstrap.php"
        ]
    },
    "symfony/polyfill-ctype": {
        "version": "v1.20.0"
    },
    "symfony/polyfill-intl-grapheme": {
        "version": "v1.20.0"
    },
    "symfony/polyfill-intl-icu": {
        "version": "v1.20.0"
    },
    "symfony/polyfill-intl-idn": {
        "version": "v1.20.0"
    },
    "symfony/polyfill-intl-messageformatter": {
        "version": "v1.20.0"
    },
    "symfony/polyfill-intl-normalizer": {
        "version": "v1.20.0"
    },
    "symfony/polyfill-mbstring": {
        "version": "v1.20.0"
    },
    "symfony/polyfill-php72": {
        "version": "v1.20.0"
    },
    "symfony/polyfill-php73": {
        "version": "v1.20.0"
    },
    "symfony/polyfill-php80": {
        "version": "v1.20.0"
    },
    "symfony/polyfill-php81": {
        "version": "v1.23.0"
    },
    "symfony/polyfill-uuid": {
        "version": "v1.20.0"
    },
    "symfony/process": {
        "version": "v5.2.0"
    },
    "symfony/profiler-pack": {
        "version": "v1.0.5"
    },
    "symfony/property-access": {
        "version": "v5.2.0"
    },
    "symfony/property-info": {
        "version": "v5.2.0"
    },
    "symfony/rate-limiter": {
        "version": "v5.2.0"
    },
    "symfony/redis-messenger": {
        "version": "v5.2.0"
    },
    "symfony/requirements-checker": {
        "version": "2.0",
        "recipe": {
            "repo": "github.com/symfony/recipes",
            "branch": "master",
            "version": "2.0",
            "ref": "02c6e4b9b117c39e8a23eab7f3840ef6e62293b9"
        }
    },
    "symfony/routing": {
        "version": "5.3",
        "recipe": {
            "repo": "github.com/symfony/recipes",
            "branch": "master",
            "version": "5.3",
            "ref": "44633353926a0382d7dfb0530922c5c0b30fae11"
        },
        "files": [
            "config/packages/routing.yaml",
            "config/routes.yaml"
        ]
    },
    "symfony/runtime": {
        "version": "v5.3.0"
    },
    "symfony/security-bundle": {
        "version": "5.3",
        "recipe": {
            "repo": "github.com/symfony/recipes",
            "branch": "master",
            "version": "5.3",
            "ref": "3307d76caa2d12fb10ade57975beb3d8975df396"
        },
        "files": [
            "config/packages/security.yaml"
        ]
    },
    "symfony/security-core": {
        "version": "v5.2.0"
    },
    "symfony/security-csrf": {
        "version": "v5.2.0"
    },
    "symfony/security-guard": {
        "version": "v5.2.0"
    },
    "symfony/security-http": {
        "version": "v5.2.0"
    },
    "symfony/serializer": {
        "version": "v5.2.0"
    },
    "symfony/stopwatch": {
        "version": "v5.2.0"
    },
    "symfony/string": {
        "version": "v5.2.0"
    },
    "symfony/translation": {
        "version": "5.3",
        "recipe": {
            "repo": "github.com/symfony/recipes",
            "branch": "master",
            "version": "5.3",
            "ref": "da64f5a2b6d96f5dc24914517c0350a5f91dee43"
        },
        "files": [
            "config/packages/translation.yaml",
            "translations/.gitignore"
        ]
    },
    "symfony/twig-bridge": {
        "version": "v5.2.0"
    },
    "symfony/twig-bundle": {
        "version": "5.3",
        "recipe": {
            "repo": "github.com/symfony/recipes",
            "branch": "master",
            "version": "5.3",
            "ref": "3dd530739a4284e3272274c128dbb7a8140a66f1"
        },
        "files": [
            "config/packages/twig.yaml",
            "templates/base.html.twig"
        ]
    },
    "symfony/twig-pack": {
        "version": "v1.0.1"
    },
    "symfony/validator": {
        "version": "4.3",
        "recipe": {
            "repo": "github.com/symfony/recipes",
            "branch": "master",
            "version": "4.3",
            "ref": "3eb8df139ec05414489d55b97603c5f6ca0c44cb"
        },
        "files": [
            "config/packages/test/validator.yaml",
            "config/packages/validator.yaml"
        ]
    },
    "symfony/var-dumper": {
        "version": "v5.2.0"
    },
    "symfony/var-exporter": {
        "version": "v5.2.0"
    },
    "symfony/web-link": {
        "version": "v5.2.0"
    },
    "symfony/web-profiler-bundle": {
        "version": "3.3",
        "recipe": {
            "repo": "github.com/symfony/recipes",
            "branch": "master",
            "version": "3.3",
            "ref": "6bdfa1a95f6b2e677ab985cd1af2eae35d62e0f6"
        },
        "files": [
            "config/packages/dev/web_profiler.yaml",
            "config/packages/test/web_profiler.yaml",
            "config/routes/dev/web_profiler.yaml"
        ]
    },
    "symfony/webpack-encore-bundle": {
        "version": "1.9",
        "recipe": {
            "repo": "github.com/symfony/recipes",
            "branch": "master",
            "version": "1.9",
            "ref": "0f274572ea315eb3b5884518a50ca43f211b4534"
        },
        "files": [
            "assets/app.js",
            "assets/bootstrap.js",
            "assets/controllers.json",
            "assets/controllers/hello_controller.js",
            "assets/styles/app.css",
            "config/packages/assets.yaml",
            "config/packages/prod/webpack_encore.yaml",
            "config/packages/test/webpack_encore.yaml",
            "config/packages/webpack_encore.yaml",
            "package.json",
            "webpack.config.js"
        ]
    },
    "symfony/workflow": {
        "version": "3.3",
        "recipe": {
            "repo": "github.com/symfony/recipes",
            "branch": "master",
            "version": "3.3",
            "ref": "3b2f8ca32a07fcb00f899649053943fa3d8bbfb6"
        },
        "files": [
            "config/packages/workflow.yaml"
        ]
    },
    "symfony/yaml": {
        "version": "v5.2.0"
    },
    "theseer/tokenizer": {
        "version": "1.2.0"
    },
    "thomaspark/bootswatch": {
        "version": "v4.5.3"
    },
    "tijsverkoyen/css-to-inline-styles": {
        "version": "2.2.3"
    },
    "twig/cssinliner-extra": {
        "version": "v3.1.1"
    },
    "twig/extra-bundle": {
        "version": "v3.1.1"
    },
    "twig/html-extra": {
        "version": "v3.1.1"
    },
    "twig/inky-extra": {
        "version": "v3.1.1"
    },
    "twig/intl-extra": {
        "version": "v3.1.1"
    },
    "twig/markdown-extra": {
        "version": "v3.1.1"
    },
    "twig/string-extra": {
        "version": "v3.1.1"
    },
    "twig/twig": {
        "version": "v3.1.1"
    },
    "vakata/jstree": {
        "version": "3.3.10"
    },
    "webmozart/assert": {
        "version": "1.9.1"
    },
    "willdurand/js-translation-bundle": {
        "version": "2.0",
        "recipe": {
            "repo": "github.com/symfony/recipes",
            "branch": "master",
            "version": "2.0",
            "ref": "02b720a49f6d36b44d557e0b18e48bf09e0a8e07"
        },
        "files": [
            "config/routes/js_translation.yaml"
        ]
    },
    "willdurand/jsonp-callback-validator": {
        "version": "v1.1.0"
    },
    "zikula/legal-module": {
        "version": "3.2.9"
    },
    "zikula/oauth-module": {
        "version": "1.2.3"
    },
    "zikula/pagelock-module": {
        "version": "1.3.8"
    },
    "zikula/profile-module": {
        "version": "dev-master"
    },
    "zikula/sortable-columns": {
        "version": "1.0.0"
    },
    "zikula/staticcontent-module": {
        "version": "1.0.2"
    },
    "zikula/wizard": {
        "version": "3.1.1"
    }
}
